
Microsoft Visual Studio Solution File, Format Version 12.00
# Visual Studio Version 17
VisualStudioVersion = 17.1.32414.318
MinimumVisualStudioVersion = 10.0.40219.1
Project("{FAE04EC0-301F-11D3-BF4B-00C04F79EFBC}") = "PAPEL PAPEL", "PAPEL PAPEL.csproj", "{59B91D5D-7AEE-4C73-B576-54D10B5481FA}"
EndProject
Global
	GlobalSection(SolutionConfigurationPlatforms) = preSolution
		Debug|Any CPU = Debug|Any CPU
		Release|Any CPU = Release|Any CPU
	EndGlobalSection
	GlobalSection(ProjectConfigurationPlatforms) = postSolution
		{59B91D5D-7AEE-4C73-B576-54D10B5481FA}.Debug|Any CPU.ActiveCfg = Debug|Any CPU
		{59B91D5D-7AEE-4C73-B576-54D10B5481FA}.Debug|Any CPU.Build.0 = Debug|Any CPU
		{59B91D5D-7AEE-4C73-B576-54D10B5481FA}.Release|Any CPU.ActiveCfg = Release|Any CPU
		{59B91D5D-7AEE-4C73-B576-54D10B5481FA}.Release|Any CPU.Build.0 = Release|Any CPU
	EndGlobalSection
	GlobalSection(SolutionProperties) = preSolution
		HideSolutionNode = FALSE
	EndGlobalSection
	GlobalSection(ExtensibilityGlobals) = postSolution
		SolutionGuid = {CEADAE11-5693-4D0C-BC9F-CD5BC86AD3B2}
	EndGlobalSection
EndGlobal
